
Microsoft Visual Studio Solution File, Format Version 12.00
# Visual Studio Version 17
VisualStudioVersion = 17.1.32421.90
MinimumVisualStudioVersion = 10.0.40219.1
Project("{FAE04EC0-301F-11D3-BF4B-00C04F79EFBC}") = "220528_문법_2", "220528_문법_2\220528_문법_2.csproj", "{A22D5BB9-B8A1-4314-AFC8-3BEEA82E51E7}"
EndProject
Global
	GlobalSection(SolutionConfigurationPlatforms) = preSolution
		Debug|Any CPU = Debug|Any CPU
		Release|Any CPU = Release|Any CPU
	EndGlobalSection
	GlobalSection(ProjectConfigurationPlatforms) = postSolution
		{A22D5BB9-B8A1-4314-AFC8-3BEEA82E51E7}.Debug|Any CPU.ActiveCfg = Debug|Any CPU
		{A22D5BB9-B8A1-4314-AFC8-3BEEA82E51E7}.Debug|Any CPU.Build.0 = Debug|Any CPU
		{A22D5BB9-B8A1-4314-AFC8-3BEEA82E51E7}.Release|Any CPU.ActiveCfg = Release|Any CPU
		{A22D5BB9-B8A1-4314-AFC8-3BEEA82E51E7}.Release|Any CPU.Build.0 = Release|Any CPU
	EndGlobalSection
	GlobalSection(SolutionProperties) = preSolution
		HideSolutionNode = FALSE
	EndGlobalSection
	GlobalSection(ExtensibilityGlobals) = postSolution
		SolutionGuid = {771F5BE7-FBED-4C93-BDF9-44258959FF46}
	EndGlobalSection
EndGlobal
