
Microsoft Visual Studio Solution File, Format Version 12.00
# Visual Studio Version 17
VisualStudioVersion = 17.1.32421.90
MinimumVisualStudioVersion = 10.0.40219.1
Project("{FAE04EC0-301F-11D3-BF4B-00C04F79EFBC}") = "note", "note\note.csproj", "{7BCDB473-ACB7-4206-A7AF-571822671F4B}"
EndProject
Global
	GlobalSection(SolutionConfigurationPlatforms) = preSolution
		Debug|Any CPU = Debug|Any CPU
		Release|Any CPU = Release|Any CPU
	EndGlobalSection
	GlobalSection(ProjectConfigurationPlatforms) = postSolution
		{7BCDB473-ACB7-4206-A7AF-571822671F4B}.Debug|Any CPU.ActiveCfg = Debug|Any CPU
		{7BCDB473-ACB7-4206-A7AF-571822671F4B}.Debug|Any CPU.Build.0 = Debug|Any CPU
		{7BCDB473-ACB7-4206-A7AF-571822671F4B}.Release|Any CPU.ActiveCfg = Release|Any CPU
		{7BCDB473-ACB7-4206-A7AF-571822671F4B}.Release|Any CPU.Build.0 = Release|Any CPU
	EndGlobalSection
	GlobalSection(SolutionProperties) = preSolution
		HideSolutionNode = FALSE
	EndGlobalSection
	GlobalSection(ExtensibilityGlobals) = postSolution
		SolutionGuid = {F2424B16-DD15-4630-AED4-32B1177D15C1}
	EndGlobalSection
EndGlobal
