
Microsoft Visual Studio Solution File, Format Version 12.00
# Visual Studio Version 17
VisualStudioVersion = 17.1.32421.90
MinimumVisualStudioVersion = 10.0.40219.1
Project("{9A19103F-16F7-4668-BE54-9A1E7A4F7556}") = "220528_문법", "220526_문법\220528_문법.csproj", "{48AF9560-C5D0-4593-901E-A7999541E92B}"
EndProject
Global
	GlobalSection(SolutionConfigurationPlatforms) = preSolution
		Debug|Any CPU = Debug|Any CPU
		Release|Any CPU = Release|Any CPU
	EndGlobalSection
	GlobalSection(ProjectConfigurationPlatforms) = postSolution
		{48AF9560-C5D0-4593-901E-A7999541E92B}.Debug|Any CPU.ActiveCfg = Debug|Any CPU
		{48AF9560-C5D0-4593-901E-A7999541E92B}.Debug|Any CPU.Build.0 = Debug|Any CPU
		{48AF9560-C5D0-4593-901E-A7999541E92B}.Release|Any CPU.ActiveCfg = Release|Any CPU
		{48AF9560-C5D0-4593-901E-A7999541E92B}.Release|Any CPU.Build.0 = Release|Any CPU
	EndGlobalSection
	GlobalSection(SolutionProperties) = preSolution
		HideSolutionNode = FALSE
	EndGlobalSection
	GlobalSection(ExtensibilityGlobals) = postSolution
		SolutionGuid = {A583427C-C272-4A08-B7BE-4B7ADEAB07F9}
	EndGlobalSection
EndGlobal
