
Microsoft Visual Studio Solution File, Format Version 12.00
# Visual Studio Version 17
VisualStudioVersion = 17.1.32421.90
MinimumVisualStudioVersion = 10.0.40219.1
Project("{FAE04EC0-301F-11D3-BF4B-00C04F79EFBC}") = "220606_문법", "220606_문법\220606_문법.csproj", "{6F135D0B-F27C-471D-886E-6C0D7C9E2821}"
EndProject
Global
	GlobalSection(SolutionConfigurationPlatforms) = preSolution
		Debug|Any CPU = Debug|Any CPU
		Release|Any CPU = Release|Any CPU
	EndGlobalSection
	GlobalSection(ProjectConfigurationPlatforms) = postSolution
		{6F135D0B-F27C-471D-886E-6C0D7C9E2821}.Debug|Any CPU.ActiveCfg = Debug|Any CPU
		{6F135D0B-F27C-471D-886E-6C0D7C9E2821}.Debug|Any CPU.Build.0 = Debug|Any CPU
		{6F135D0B-F27C-471D-886E-6C0D7C9E2821}.Release|Any CPU.ActiveCfg = Release|Any CPU
		{6F135D0B-F27C-471D-886E-6C0D7C9E2821}.Release|Any CPU.Build.0 = Release|Any CPU
	EndGlobalSection
	GlobalSection(SolutionProperties) = preSolution
		HideSolutionNode = FALSE
	EndGlobalSection
	GlobalSection(ExtensibilityGlobals) = postSolution
		SolutionGuid = {EDA826E5-020C-4BAB-A508-546AB68CEC35}
	EndGlobalSection
EndGlobal
