
Microsoft Visual Studio Solution File, Format Version 12.00
# Visual Studio Version 17
VisualStudioVersion = 17.1.32421.90
MinimumVisualStudioVersion = 10.0.40219.1
Project("{FAE04EC0-301F-11D3-BF4B-00C04F79EFBC}") = "Rock", "Rock\Rock.csproj", "{C92338C1-04DC-4CCF-8F5E-E8A6B4470CDE}"
EndProject
Global
	GlobalSection(SolutionConfigurationPlatforms) = preSolution
		Debug|Any CPU = Debug|Any CPU
		Release|Any CPU = Release|Any CPU
	EndGlobalSection
	GlobalSection(ProjectConfigurationPlatforms) = postSolution
		{C92338C1-04DC-4CCF-8F5E-E8A6B4470CDE}.Debug|Any CPU.ActiveCfg = Debug|Any CPU
		{C92338C1-04DC-4CCF-8F5E-E8A6B4470CDE}.Debug|Any CPU.Build.0 = Debug|Any CPU
		{C92338C1-04DC-4CCF-8F5E-E8A6B4470CDE}.Release|Any CPU.ActiveCfg = Release|Any CPU
		{C92338C1-04DC-4CCF-8F5E-E8A6B4470CDE}.Release|Any CPU.Build.0 = Release|Any CPU
	EndGlobalSection
	GlobalSection(SolutionProperties) = preSolution
		HideSolutionNode = FALSE
	EndGlobalSection
	GlobalSection(ExtensibilityGlobals) = postSolution
		SolutionGuid = {9FE1C3DA-2032-4545-999A-83A331C66910}
	EndGlobalSection
EndGlobal
