
Microsoft Visual Studio Solution File, Format Version 12.00
# Visual Studio Version 17
VisualStudioVersion = 17.1.32421.90
MinimumVisualStudioVersion = 10.0.40219.1
Project("{FAE04EC0-301F-11D3-BF4B-00C04F79EFBC}") = "220610_공부", "220610_공부\220610_공부.csproj", "{970E84CE-AA11-46CB-9946-F043AC8725FE}"
EndProject
Global
	GlobalSection(SolutionConfigurationPlatforms) = preSolution
		Debug|Any CPU = Debug|Any CPU
		Release|Any CPU = Release|Any CPU
	EndGlobalSection
	GlobalSection(ProjectConfigurationPlatforms) = postSolution
		{970E84CE-AA11-46CB-9946-F043AC8725FE}.Debug|Any CPU.ActiveCfg = Debug|Any CPU
		{970E84CE-AA11-46CB-9946-F043AC8725FE}.Debug|Any CPU.Build.0 = Debug|Any CPU
		{970E84CE-AA11-46CB-9946-F043AC8725FE}.Release|Any CPU.ActiveCfg = Release|Any CPU
		{970E84CE-AA11-46CB-9946-F043AC8725FE}.Release|Any CPU.Build.0 = Release|Any CPU
	EndGlobalSection
	GlobalSection(SolutionProperties) = preSolution
		HideSolutionNode = FALSE
	EndGlobalSection
	GlobalSection(ExtensibilityGlobals) = postSolution
		SolutionGuid = {6118DD17-07F7-4BE8-A12F-593682C5F2BC}
	EndGlobalSection
EndGlobal
