
Microsoft Visual Studio Solution File, Format Version 12.00
# Visual Studio Version 17
VisualStudioVersion = 17.1.32421.90
MinimumVisualStudioVersion = 10.0.40219.1
Project("{FAE04EC0-301F-11D3-BF4B-00C04F79EFBC}") = "220609_공부", "220609_공부\220609_공부.csproj", "{2B7DF7C1-01F5-43D1-BCBA-4F561E0C287D}"
EndProject
Global
	GlobalSection(SolutionConfigurationPlatforms) = preSolution
		Debug|Any CPU = Debug|Any CPU
		Release|Any CPU = Release|Any CPU
	EndGlobalSection
	GlobalSection(ProjectConfigurationPlatforms) = postSolution
		{2B7DF7C1-01F5-43D1-BCBA-4F561E0C287D}.Debug|Any CPU.ActiveCfg = Debug|Any CPU
		{2B7DF7C1-01F5-43D1-BCBA-4F561E0C287D}.Debug|Any CPU.Build.0 = Debug|Any CPU
		{2B7DF7C1-01F5-43D1-BCBA-4F561E0C287D}.Release|Any CPU.ActiveCfg = Release|Any CPU
		{2B7DF7C1-01F5-43D1-BCBA-4F561E0C287D}.Release|Any CPU.Build.0 = Release|Any CPU
	EndGlobalSection
	GlobalSection(SolutionProperties) = preSolution
		HideSolutionNode = FALSE
	EndGlobalSection
	GlobalSection(ExtensibilityGlobals) = postSolution
		SolutionGuid = {42DFA0CA-BE53-4F32-986B-C15C8C57C28D}
	EndGlobalSection
EndGlobal
