
Microsoft Visual Studio Solution File, Format Version 12.00
# Visual Studio Version 17
VisualStudioVersion = 17.1.32421.90
MinimumVisualStudioVersion = 10.0.40219.1
Project("{FAE04EC0-301F-11D3-BF4B-00C04F79EFBC}") = "220617_공부_2", "220617_공부_2\220617_공부_2.csproj", "{E5360539-F5E9-43F0-990B-9B7E101F7D36}"
EndProject
Global
	GlobalSection(SolutionConfigurationPlatforms) = preSolution
		Debug|Any CPU = Debug|Any CPU
		Release|Any CPU = Release|Any CPU
	EndGlobalSection
	GlobalSection(ProjectConfigurationPlatforms) = postSolution
		{E5360539-F5E9-43F0-990B-9B7E101F7D36}.Debug|Any CPU.ActiveCfg = Debug|Any CPU
		{E5360539-F5E9-43F0-990B-9B7E101F7D36}.Debug|Any CPU.Build.0 = Debug|Any CPU
		{E5360539-F5E9-43F0-990B-9B7E101F7D36}.Release|Any CPU.ActiveCfg = Release|Any CPU
		{E5360539-F5E9-43F0-990B-9B7E101F7D36}.Release|Any CPU.Build.0 = Release|Any CPU
	EndGlobalSection
	GlobalSection(SolutionProperties) = preSolution
		HideSolutionNode = FALSE
	EndGlobalSection
	GlobalSection(ExtensibilityGlobals) = postSolution
		SolutionGuid = {AA9B981D-633F-4647-8952-E614F2CCFCB6}
	EndGlobalSection
EndGlobal
