
Microsoft Visual Studio Solution File, Format Version 12.00
# Visual Studio Version 17
VisualStudioVersion = 17.1.32421.90
MinimumVisualStudioVersion = 10.0.40219.1
Project("{FAE04EC0-301F-11D3-BF4B-00C04F79EFBC}") = "220524_문법", "220524_문법\220524_문법.csproj", "{0B4BC8D6-DB8C-45EF-8943-4546FD412F53}"
EndProject
Global
	GlobalSection(SolutionConfigurationPlatforms) = preSolution
		Debug|Any CPU = Debug|Any CPU
		Release|Any CPU = Release|Any CPU
	EndGlobalSection
	GlobalSection(ProjectConfigurationPlatforms) = postSolution
		{0B4BC8D6-DB8C-45EF-8943-4546FD412F53}.Debug|Any CPU.ActiveCfg = Debug|Any CPU
		{0B4BC8D6-DB8C-45EF-8943-4546FD412F53}.Debug|Any CPU.Build.0 = Debug|Any CPU
		{0B4BC8D6-DB8C-45EF-8943-4546FD412F53}.Release|Any CPU.ActiveCfg = Release|Any CPU
		{0B4BC8D6-DB8C-45EF-8943-4546FD412F53}.Release|Any CPU.Build.0 = Release|Any CPU
	EndGlobalSection
	GlobalSection(SolutionProperties) = preSolution
		HideSolutionNode = FALSE
	EndGlobalSection
	GlobalSection(ExtensibilityGlobals) = postSolution
		SolutionGuid = {95CCC59D-AD9E-4EB6-8C0C-07EC5FD83662}
	EndGlobalSection
EndGlobal
